
Microsoft Visual Studio Solution File, Format Version 12.00
# Visual Studio Version 17
VisualStudioVersion = 17.14.36623.8 d17.14
MinimumVisualStudioVersion = 10.0.40219.1
Project("{FAE04EC0-301F-11D3-BF4B-00C04F79EFBC}") = "Worknest.Data", "Worknest.Data\Worknest.Data.csproj", "{78DD8A9E-EAAC-408A-96B2-957142C4AC45}"
EndProject
Project("{FAE04EC0-301F-11D3-BF4B-00C04F79EFBC}") = "Worknest.Services.Identity", "Worknest.Services.Identity\Worknest.Services.Identity.csproj", "{C9A84BBB-9F42-466F-8E46-3AD5DAEAEDBF}"
EndProject
Project("{FAE04EC0-301F-11D3-BF4B-00C04F79EFBC}") = "Worknest.Services.Core", "Worknest.Services.Core\Worknest.Services.Core.csproj", "{A69EBD54-078A-40D0-B36E-0D14C58FED54}"
EndProject
Global
	GlobalSection(SolutionConfigurationPlatforms) = preSolution
		Debug|Any CPU = Debug|Any CPU
		Release|Any CPU = Release|Any CPU
	EndGlobalSection
	GlobalSection(ProjectConfigurationPlatforms) = postSolution
		{78DD8A9E-EAAC-408A-96B2-957142C4AC45}.Debug|Any CPU.ActiveCfg = Debug|Any CPU
		{78DD8A9E-EAAC-408A-96B2-957142C4AC45}.Debug|Any CPU.Build.0 = Debug|Any CPU
		{78DD8A9E-EAAC-408A-96B2-957142C4AC45}.Release|Any CPU.ActiveCfg = Release|Any CPU
		{78DD8A9E-EAAC-408A-96B2-957142C4AC45}.Release|Any CPU.Build.0 = Release|Any CPU
		{C9A84BBB-9F42-466F-8E46-3AD5DAEAEDBF}.Debug|Any CPU.ActiveCfg = Debug|Any CPU
		{C9A84BBB-9F42-466F-8E46-3AD5DAEAEDBF}.Debug|Any CPU.Build.0 = Debug|Any CPU
		{C9A84BBB-9F42-466F-8E46-3AD5DAEAEDBF}.Release|Any CPU.ActiveCfg = Release|Any CPU
		{C9A84BBB-9F42-466F-8E46-3AD5DAEAEDBF}.Release|Any CPU.Build.0 = Release|Any CPU
		{A69EBD54-078A-40D0-B36E-0D14C58FED54}.Debug|Any CPU.ActiveCfg = Debug|Any CPU
		{A69EBD54-078A-40D0-B36E-0D14C58FED54}.Debug|Any CPU.Build.0 = Debug|Any CPU
		{A69EBD54-078A-40D0-B36E-0D14C58FED54}.Release|Any CPU.ActiveCfg = Release|Any CPU
		{A69EBD54-078A-40D0-B36E-0D14C58FED54}.Release|Any CPU.Build.0 = Release|Any CPU
	EndGlobalSection
	GlobalSection(SolutionProperties) = preSolution
		HideSolutionNode = FALSE
	EndGlobalSection
	GlobalSection(ExtensibilityGlobals) = postSolution
		SolutionGuid = {8DD20A30-EBBF-4616-94D2-552DE3B23C5F}
	EndGlobalSection
EndGlobal
